// !$*UTF8*$!
{
	archiveVersion = 1;
	classes = {
	};
	objectVersion = 77;
	objects = {

/* Begin PBXBuildFile section */
		937F78902F220506003AF107 /* Kingfisher in Frameworks */ = {isa = PBXBuildFile; productRef = 937F788F2F220506003AF107 /* Kingfisher */; };
		93B4F71A2F1F989F006706EC /* FirebaseAnalytics in Frameworks */ = {isa = PBXBuildFile; productRef = 93B4F7192F1F989F006706EC /* FirebaseAnalytics */; };
		93B4F71C2F1F989F006706EC /* FirebaseMessaging in Frameworks */ = {isa = PBXBuildFile; productRef = 93B4F71B2F1F989F006706EC /* FirebaseMessaging */; };
		9913AC7F2F166F3800B74E63 /* Alamofire in Frameworks */ = {isa = PBXBuildFile; productRef = 9913AC7E2F166F3800B74E63 /* Alamofire */; };
		9913AC822F166F4F00B74E63 /* ReactorKit in Frameworks */ = {isa = PBXBuildFile; productRef = 9913AC812F166F4F00B74E63 /* ReactorKit */; };
		9913AC952F1677E600B74E63 /* KakaoSDKAuth in Frameworks */ = {isa = PBXBuildFile; productRef = 9913AC942F1677E600B74E63 /* KakaoSDKAuth */; };
		9913AC972F1677E600B74E63 /* KakaoSDKCommon in Frameworks */ = {isa = PBXBuildFile; productRef = 9913AC962F1677E600B74E63 /* KakaoSDKCommon */; };
		9913AC992F1677E600B74E63 /* KakaoSDKUser in Frameworks */ = {isa = PBXBuildFile; productRef = 9913AC982F1677E600B74E63 /* KakaoSDKUser */; };
		9913ACAF2F168BCF00B74E63 /* RxCocoa in Frameworks */ = {isa = PBXBuildFile; productRef = 9913ACAE2F168BCF00B74E63 /* RxCocoa */; };
		9913ACB12F168BCF00B74E63 /* RxRelay in Frameworks */ = {isa = PBXBuildFile; productRef = 9913ACB02F168BCF00B74E63 /* RxRelay */; };
		9913ACB32F168BCF00B74E63 /* RxSwift in Frameworks */ = {isa = PBXBuildFile; productRef = 9913ACB22F168BCF00B74E63 /* RxSwift */; };
		991607082F0BF1790056EC8D /* SnapKit in Frameworks */ = {isa = PBXBuildFile; productRef = 991607072F0BF1790056EC8D /* SnapKit */; };
		9916070B2F0BF1840056EC8D /* Then in Frameworks */ = {isa = PBXBuildFile; productRef = 9916070A2F0BF1840056EC8D /* Then */; };
		996040932F2912130057D47F /* FSCalendar in Frameworks */ = {isa = PBXBuildFile; productRef = 996040922F2912130057D47F /* FSCalendar */; };
/* End PBXBuildFile section */

/* Begin PBXContainerItemProxy section */
		999F3E362F04E5D4002119DE /* PBXContainerItemProxy */ = {
			isa = PBXContainerItemProxy;
			containerPortal = 999F3E172F04E5D1002119DE /* Project object */;
			proxyType = 1;
			remoteGlobalIDString = 999F3E1E2F04E5D1002119DE;
			remoteInfo = "WithUs-iOS";
		};
		999F3E402F04E5D4002119DE /* PBXContainerItemProxy */ = {
			isa = PBXContainerItemProxy;
			containerPortal = 999F3E172F04E5D1002119DE /* Project object */;
			proxyType = 1;
			remoteGlobalIDString = 999F3E1E2F04E5D1002119DE;
			remoteInfo = "WithUs-iOS";
		};
/* End PBXContainerItemProxy section */

/* Begin PBXFileReference section */
		999F3E1F2F04E5D1002119DE /* WithUs-iOS.app */ = {isa = PBXFileReference; explicitFileType = wrapper.application; includeInIndex = 0; path = "WithUs-iOS.app"; sourceTree = BUILT_PRODUCTS_DIR; };
		999F3E352F04E5D4002119DE /* WithUs-iOSTests.xctest */ = {isa = PBXFileReference; explicitFileType = wrapper.cfbundle; includeInIndex = 0; path = "WithUs-iOSTests.xctest"; sourceTree = BUILT_PRODUCTS_DIR; };
		999F3E3F2F04E5D4002119DE /* WithUs-iOSUITests.xctest */ = {isa = PBXFileReference; explicitFileType = wrapper.cfbundle; includeInIndex = 0; path = "WithUs-iOSUITests.xctest"; sourceTree = BUILT_PRODUCTS_DIR; };
/* End PBXFileReference section */

/* Begin PBXFileSystemSynchronizedBuildFileExceptionSet section */
		999F3E472F04E5D4002119DE /* Exceptions for "WithUs-iOS" folder in "WithUs-iOS" target */ = {
			isa = PBXFileSystemSynchronizedBuildFileExceptionSet;
			membershipExceptions = (
				Resources/Info.plist,
			);
			target = 999F3E1E2F04E5D1002119DE /* WithUs-iOS */;
		};
/* End PBXFileSystemSynchronizedBuildFileExceptionSet section */

/* Begin PBXFileSystemSynchronizedRootGroup section */
		999F3E212F04E5D1002119DE /* WithUs-iOS */ = {
			isa = PBXFileSystemSynchronizedRootGroup;
			exceptions = (
				999F3E472F04E5D4002119DE /* Exceptions for "WithUs-iOS" folder in "WithUs-iOS" target */,
			);
			path = "WithUs-iOS";
			sourceTree = "<group>";
		};
		999F3E382F04E5D4002119DE /* WithUs-iOSTests */ = {
			isa = PBXFileSystemSynchronizedRootGroup;
			path = "WithUs-iOSTests";
			sourceTree = "<group>";
		};
		999F3E422F04E5D4002119DE /* WithUs-iOSUITests */ = {
			isa = PBXFileSystemSynchronizedRootGroup;
			path = "WithUs-iOSUITests";
			sourceTree = "<group>";
		};
/* End PBXFileSystemSynchronizedRootGroup section */

/* Begin PBXFrameworksBuildPhase section */
		999F3E1C2F04E5D1002119DE /* Frameworks */ = {
			isa = PBXFrameworksBuildPhase;
			buildActionMask = 2147483647;
			files = (
				93B4F71C2F1F989F006706EC /* FirebaseMessaging in Frameworks */,
				9913ACB12F168BCF00B74E63 /* RxRelay in Frameworks */,
				9913AC7F2F166F3800B74E63 /* Alamofire in Frameworks */,
				9913ACB32F168BCF00B74E63 /* RxSwift in Frameworks */,
				991607082F0BF1790056EC8D /* SnapKit in Frameworks */,
				996040932F2912130057D47F /* FSCalendar in Frameworks */,
				9913AC822F166F4F00B74E63 /* ReactorKit in Frameworks */,
				9913AC992F1677E600B74E63 /* KakaoSDKUser in Frameworks */,
				93B4F71A2F1F989F006706EC /* FirebaseAnalytics in Frameworks */,
				937F78902F220506003AF107 /* Kingfisher in Frameworks */,
				9916070B2F0BF1840056EC8D /* Then in Frameworks */,
				9913AC972F1677E600B74E63 /* KakaoSDKCommon in Frameworks */,
				9913ACAF2F168BCF00B74E63 /* RxCocoa in Frameworks */,
				9913AC952F1677E600B74E63 /* KakaoSDKAuth in Frameworks */,
			);
			runOnlyForDeploymentPostprocessing = 0;
		};
		999F3E322F04E5D4002119DE /* Frameworks */ = {
			isa = PBXFrameworksBuildPhase;
			buildActionMask = 2147483647;
			files = (
			);
			runOnlyForDeploymentPostprocessing = 0;
		};
		999F3E3C2F04E5D4002119DE /* Frameworks */ = {
			isa = PBXFrameworksBuildPhase;
			buildActionMask = 2147483647;
			files = (
			);
			runOnlyForDeploymentPostprocessing = 0;
		};
/* End PBXFrameworksBuildPhase section */

/* Begin PBXGroup section */
		999F3E162F04E5D1002119DE = {
			isa = PBXGroup;
			children = (
				999F3E212F04E5D1002119DE /* WithUs-iOS */,
				999F3E382F04E5D4002119DE /* WithUs-iOSTests */,
				999F3E422F04E5D4002119DE /* WithUs-iOSUITests */,
				999F3E202F04E5D1002119DE /* Products */,
			);
			sourceTree = "<group>";
		};
		999F3E202F04E5D1002119DE /* Products */ = {
			isa = PBXGroup;
			children = (
				999F3E1F2F04E5D1002119DE /* WithUs-iOS.app */,
				999F3E352F04E5D4002119DE /* WithUs-iOSTests.xctest */,
				999F3E3F2F04E5D4002119DE /* WithUs-iOSUITests.xctest */,
			);
			name = Products;
			sourceTree = "<group>";
		};
/* End PBXGroup section */

/* Begin PBXNativeTarget section */
		999F3E1E2F04E5D1002119DE /* WithUs-iOS */ = {
			isa = PBXNativeTarget;
			buildConfigurationList = 999F3E482F04E5D4002119DE /* Build configuration list for PBXNativeTarget "WithUs-iOS" */;
			buildPhases = (
				93E183DC2F1222D6002A3F54 /* ShellScript */,
				999F3E1B2F04E5D1002119DE /* Sources */,
				999F3E1C2F04E5D1002119DE /* Frameworks */,
				999F3E1D2F04E5D1002119DE /* Resources */,
			);
			buildRules = (
			);
			dependencies = (
			);
			fileSystemSynchronizedGroups = (
				999F3E212F04E5D1002119DE /* WithUs-iOS */,
			);
			name = "WithUs-iOS";
			packageProductDependencies = (
				991607072F0BF1790056EC8D /* SnapKit */,
				9916070A2F0BF1840056EC8D /* Then */,
				9913AC7E2F166F3800B74E63 /* Alamofire */,
				9913AC812F166F4F00B74E63 /* ReactorKit */,
				9913AC942F1677E600B74E63 /* KakaoSDKAuth */,
				9913AC962F1677E600B74E63 /* KakaoSDKCommon */,
				9913AC982F1677E600B74E63 /* KakaoSDKUser */,
				9913ACAE2F168BCF00B74E63 /* RxCocoa */,
				9913ACB02F168BCF00B74E63 /* RxRelay */,
				9913ACB22F168BCF00B74E63 /* RxSwift */,
				93B4F7192F1F989F006706EC /* FirebaseAnalytics */,
				93B4F71B2F1F989F006706EC /* FirebaseMessaging */,
				937F788F2F220506003AF107 /* Kingfisher */,
				996040922F2912130057D47F /* FSCalendar */,
			);
			productName = "WithUs-iOS";
			productReference = 999F3E1F2F04E5D1002119DE /* WithUs-iOS.app */;
			productType = "com.apple.product-type.application";
		};
		999F3E342F04E5D4002119DE /* WithUs-iOSTests */ = {
			isa = PBXNativeTarget;
			buildConfigurationList = 999F3E4D2F04E5D4002119DE /* Build configuration list for PBXNativeTarget "WithUs-iOSTests" */;
			buildPhases = (
				999F3E312F04E5D4002119DE /* Sources */,
				999F3E322F04E5D4002119DE /* Frameworks */,
				999F3E332F04E5D4002119DE /* Resources */,
			);
			buildRules = (
			);
			dependencies = (
				999F3E372F04E5D4002119DE /* PBXTargetDependency */,
			);
			fileSystemSynchronizedGroups = (
				999F3E382F04E5D4002119DE /* WithUs-iOSTests */,
			);
			name = "WithUs-iOSTests";
			packageProductDependencies = (
			);
			productName = "WithUs-iOSTests";
			productReference = 999F3E352F04E5D4002119DE /* WithUs-iOSTests.xctest */;
			productType = "com.apple.product-type.bundle.unit-test";
		};
		999F3E3E2F04E5D4002119DE /* WithUs-iOSUITests */ = {
			isa = PBXNativeTarget;
			buildConfigurationList = 999F3E502F04E5D4002119DE /* Build configuration list for PBXNativeTarget "WithUs-iOSUITests" */;
			buildPhases = (
				999F3E3B2F04E5D4002119DE /* Sources */,
				999F3E3C2F04E5D4002119DE /* Frameworks */,
				999F3E3D2F04E5D4002119DE /* Resources */,
			);
			buildRules = (
			);
			dependencies = (
				999F3E412F04E5D4002119DE /* PBXTargetDependency */,
			);
			fileSystemSynchronizedGroups = (
				999F3E422F04E5D4002119DE /* WithUs-iOSUITests */,
			);
			name = "WithUs-iOSUITests";
			packageProductDependencies = (
			);
			productName = "WithUs-iOSUITests";
			productReference = 999F3E3F2F04E5D4002119DE /* WithUs-iOSUITests.xctest */;
			productType = "com.apple.product-type.bundle.ui-testing";
		};
/* End PBXNativeTarget section */

/* Begin PBXProject section */
		999F3E172F04E5D1002119DE /* Project object */ = {
			isa = PBXProject;
			attributes = {
				BuildIndependentTargetsInParallel = 1;
				LastSwiftUpdateCheck = 1640;
				LastUpgradeCheck = 1640;
				TargetAttributes = {
					999F3E1E2F04E5D1002119DE = {
						CreatedOnToolsVersion = 16.4;
					};
					999F3E342F04E5D4002119DE = {
						CreatedOnToolsVersion = 16.4;
						TestTargetID = 999F3E1E2F04E5D1002119DE;
					};
					999F3E3E2F04E5D4002119DE = {
						CreatedOnToolsVersion = 16.4;
						TestTargetID = 999F3E1E2F04E5D1002119DE;
					};
				};
			};
			buildConfigurationList = 999F3E1A2F04E5D1002119DE /* Build configuration list for PBXProject "WithUs-iOS" */;
			developmentRegion = en;
			hasScannedForEncodings = 0;
			knownRegions = (
				en,
				Base,
			);
			mainGroup = 999F3E162F04E5D1002119DE;
			minimizedProjectReferenceProxies = 1;
			packageReferences = (
				991607062F0BF1790056EC8D /* XCRemoteSwiftPackageReference "SnapKit" */,
				991607092F0BF1840056EC8D /* XCRemoteSwiftPackageReference "Then" */,
				9913AC7D2F166F3800B74E63 /* XCRemoteSwiftPackageReference "Alamofire" */,
				9913AC802F166F4F00B74E63 /* XCRemoteSwiftPackageReference "ReactorKit" */,
				9913AC932F1677E600B74E63 /* XCRemoteSwiftPackageReference "kakao-ios-sdk" */,
				9913ACAD2F168BCF00B74E63 /* XCRemoteSwiftPackageReference "RxSwift" */,
				93B4F7182F1F989F006706EC /* XCRemoteSwiftPackageReference "firebase-ios-sdk" */,
				937F788E2F220506003AF107 /* XCRemoteSwiftPackageReference "Kingfisher" */,
				996040912F2912130057D47F /* XCRemoteSwiftPackageReference "FSCalendar" */,
			);
			preferredProjectObjectVersion = 77;
			productRefGroup = 999F3E202F04E5D1002119DE /* Products */;
			projectDirPath = "";
			projectRoot = "";
			targets = (
				999F3E1E2F04E5D1002119DE /* WithUs-iOS */,
				999F3E342F04E5D4002119DE /* WithUs-iOSTests */,
				999F3E3E2F04E5D4002119DE /* WithUs-iOSUITests */,
			);
		};
/* End PBXProject section */

/* Begin PBXResourcesBuildPhase section */
		999F3E1D2F04E5D1002119DE /* Resources */ = {
			isa = PBXResourcesBuildPhase;
			buildActionMask = 2147483647;
			files = (
			);
			runOnlyForDeploymentPostprocessing = 0;
		};
		999F3E332F04E5D4002119DE /* Resources */ = {
			isa = PBXResourcesBuildPhase;
			buildActionMask = 2147483647;
			files = (
			);
			runOnlyForDeploymentPostprocessing = 0;
		};
		999F3E3D2F04E5D4002119DE /* Resources */ = {
			isa = PBXResourcesBuildPhase;
			buildActionMask = 2147483647;
			files = (
			);
			runOnlyForDeploymentPostprocessing = 0;
		};
/* End PBXResourcesBuildPhase section */

/* Begin PBXShellScriptBuildPhase section */
		93E183DC2F1222D6002A3F54 /* ShellScript */ = {
			isa = PBXShellScriptBuildPhase;
			alwaysOutOfDate = 1;
			buildActionMask = 2147483647;
			files = (
			);
			inputFileListPaths = (
			);
			inputPaths = (
			);
			outputFileListPaths = (
			);
			outputPaths = (
			);
			runOnlyForDeploymentPostprocessing = 0;
			shellPath = /bin/sh;
			shellScript = "# Type a script or drag a script file from your workspace to insert its path.\n";
		};
/* End PBXShellScriptBuildPhase section */

/* Begin PBXSourcesBuildPhase section */
		999F3E1B2F04E5D1002119DE /* Sources */ = {
			isa = PBXSourcesBuildPhase;
			buildActionMask = 2147483647;
			files = (
			);
			runOnlyForDeploymentPostprocessing = 0;
		};
		999F3E312F04E5D4002119DE /* Sources */ = {
			isa = PBXSourcesBuildPhase;
			buildActionMask = 2147483647;
			files = (
			);
			runOnlyForDeploymentPostprocessing = 0;
		};
		999F3E3B2F04E5D4002119DE /* Sources */ = {
			isa = PBXSourcesBuildPhase;
			buildActionMask = 2147483647;
			files = (
			);
			runOnlyForDeploymentPostprocessing = 0;
		};
/* End PBXSourcesBuildPhase section */

/* Begin PBXTargetDependency section */
		999F3E372F04E5D4002119DE /* PBXTargetDependency */ = {
			isa = PBXTargetDependency;
			target = 999F3E1E2F04E5D1002119DE /* WithUs-iOS */;
			targetProxy = 999F3E362F04E5D4002119DE /* PBXContainerItemProxy */;
		};
		999F3E412F04E5D4002119DE /* PBXTargetDependency */ = {
			isa = PBXTargetDependency;
			target = 999F3E1E2F04E5D1002119DE /* WithUs-iOS */;
			targetProxy = 999F3E402F04E5D4002119DE /* PBXContainerItemProxy */;
		};
/* End PBXTargetDependency section */

/* Begin XCBuildConfiguration section */
		999F3E492F04E5D4002119DE /* Debug */ = {
			isa = XCBuildConfiguration;
			buildSettings = {
				ASSETCATALOG_COMPILER_APPICON_NAME = AppIcon;
				ASSETCATALOG_COMPILER_GLOBAL_ACCENT_COLOR_NAME = AccentColor;
				CODE_SIGN_ENTITLEMENTS = "WithUs-iOS/Resources/WithUs-iOS.entitlements";
				CODE_SIGN_STYLE = Automatic;
				CURRENT_PROJECT_VERSION = 4;
				DEVELOPMENT_TEAM = 6UDF9VNHC6;
				GENERATE_INFOPLIST_FILE = YES;
				INFOPLIST_FILE = "WithUs-iOS/Resources/Info.plist";
				INFOPLIST_KEY_NSCameraUsageDescription = "프로필 사진을 촬영하기 위해 카메라 접근이 필요합니다.";
				INFOPLIST_KEY_NSPhotoLibraryAddUsageDescription = "프로필 사진을 저장하기 위해 사진 라이브러리 접근이 필요합니다.";
				INFOPLIST_KEY_NSPhotoLibraryUsageDescription = "프로필 사진을 등록하기 위해 사진 라이브러리 접근이 필요합니다.";
				INFOPLIST_KEY_UIApplicationSupportsIndirectInputEvents = YES;
				INFOPLIST_KEY_UILaunchStoryboardName = LaunchScreen;
				INFOPLIST_KEY_UISupportedInterfaceOrientations = UIInterfaceOrientationPortrait;
				INFOPLIST_KEY_UISupportedInterfaceOrientations_iPad = "UIInterfaceOrientationLandscapeLeft UIInterfaceOrientationLandscapeRight UIInterfaceOrientationPortrait UIInterfaceOrientationPortraitUpsideDown";
				LD_RUNPATH_SEARCH_PATHS = (
					"$(inherited)",
					"@executable_path/Frameworks",
				);
				MARKETING_VERSION = 1.0;
				PRODUCT_BUNDLE_IDENTIFIER = com.yeogijeogi.withus;
				PRODUCT_NAME = "$(TARGET_NAME)";
				SUPPORTED_PLATFORMS = "iphoneos iphonesimulator";
				SUPPORTS_MACCATALYST = NO;
				SUPPORTS_MAC_DESIGNED_FOR_IPHONE_IPAD = NO;
				SUPPORTS_XR_DESIGNED_FOR_IPHONE_IPAD = NO;
				SWIFT_EMIT_LOC_STRINGS = YES;
				SWIFT_VERSION = 5.0;
				TARGETED_DEVICE_FAMILY = "1,2";
			};
			name = Debug;
		};
		999F3E4A2F04E5D4002119DE /* Release */ = {
			isa = XCBuildConfiguration;
			buildSettings = {
				ASSETCATALOG_COMPILER_APPICON_NAME = AppIcon;
				ASSETCATALOG_COMPILER_GLOBAL_ACCENT_COLOR_NAME = AccentColor;
				CODE_SIGN_ENTITLEMENTS = "WithUs-iOS/Resources/WithUs-iOS.entitlements";
				CODE_SIGN_STYLE = Automatic;
				CURRENT_PROJECT_VERSION = 4;
				DEVELOPMENT_TEAM = 6UDF9VNHC6;
				GENERATE_INFOPLIST_FILE = YES;
				INFOPLIST_FILE = "WithUs-iOS/Resources/Info.plist";
				INFOPLIST_KEY_NSCameraUsageDescription = "프로필 사진을 촬영하기 위해 카메라 접근이 필요합니다.";
				INFOPLIST_KEY_NSPhotoLibraryAddUsageDescription = "프로필 사진을 저장하기 위해 사진 라이브러리 접근이 필요합니다.";
				INFOPLIST_KEY_NSPhotoLibraryUsageDescription = "프로필 사진을 등록하기 위해 사진 라이브러리 접근이 필요합니다.";
				INFOPLIST_KEY_UIApplicationSupportsIndirectInputEvents = YES;
				INFOPLIST_KEY_UILaunchStoryboardName = LaunchScreen;
				INFOPLIST_KEY_UISupportedInterfaceOrientations = UIInterfaceOrientationPortrait;
				INFOPLIST_KEY_UISupportedInterfaceOrientations_iPad = "UIInterfaceOrientationLandscapeLeft UIInterfaceOrientationLandscapeRight UIInterfaceOrientationPortrait UIInterfaceOrientationPortraitUpsideDown";
				LD_RUNPATH_SEARCH_PATHS = (
					"$(inherited)",
					"@executable_path/Frameworks",
				);
				MARKETING_VERSION = 1.0;
				PRODUCT_BUNDLE_IDENTIFIER = com.yeogijeogi.withus;
				PRODUCT_NAME = "$(TARGET_NAME)";
				SUPPORTED_PLATFORMS = "iphoneos iphonesimulator";
				SUPPORTS_MACCATALYST = NO;
				SUPPORTS_MAC_DESIGNED_FOR_IPHONE_IPAD = NO;
				SUPPORTS_XR_DESIGNED_FOR_IPHONE_IPAD = NO;
				SWIFT_EMIT_LOC_STRINGS = YES;
				SWIFT_VERSION = 5.0;
				TARGETED_DEVICE_FAMILY = "1,2";
			};
			name = Release;
		};
		999F3E4B2F04E5D4002119DE /* Debug */ = {
			isa = XCBuildConfiguration;
			buildSettings = {
				ALWAYS_SEARCH_USER_PATHS = NO;
				ASSETCATALOG_COMPILER_GENERATE_SWIFT_ASSET_SYMBOL_EXTENSIONS = YES;
				CLANG_ANALYZER_NONNULL = YES;
				CLANG_ANALYZER_NUMBER_OBJECT_CONVERSION = YES_AGGRESSIVE;
				CLANG_CXX_LANGUAGE_STANDARD = "gnu++20";
				CLANG_ENABLE_MODULES = YES;
				CLANG_ENABLE_OBJC_ARC = YES;
				CLANG_ENABLE_OBJC_WEAK = YES;
				CLANG_WARN_BLOCK_CAPTURE_AUTORELEASING = YES;
				CLANG_WARN_BOOL_CONVERSION = YES;
				CLANG_WARN_COMMA = YES;
				CLANG_WARN_CONSTANT_CONVERSION = YES;
				CLANG_WARN_DEPRECATED_OBJC_IMPLEMENTATIONS = YES;
				CLANG_WARN_DIRECT_OBJC_ISA_USAGE = YES_ERROR;
				CLANG_WARN_DOCUMENTATION_COMMENTS = YES;
				CLANG_WARN_EMPTY_BODY = YES;
				CLANG_WARN_ENUM_CONVERSION = YES;
				CLANG_WARN_INFINITE_RECURSION = YES;
				CLANG_WARN_INT_CONVERSION = YES;
				CLANG_WARN_NON_LITERAL_NULL_CONVERSION = YES;
				CLANG_WARN_OBJC_IMPLICIT_RETAIN_SELF = YES;
				CLANG_WARN_OBJC_LITERAL_CONVERSION = YES;
				CLANG_WARN_OBJC_ROOT_CLASS = YES_ERROR;
				CLANG_WARN_QUOTED_INCLUDE_IN_FRAMEWORK_HEADER = YES;
				CLANG_WARN_RANGE_LOOP_ANALYSIS = YES;
				CLANG_WARN_STRICT_PROTOTYPES = YES;
				CLANG_WARN_SUSPICIOUS_MOVE = YES;
				CLANG_WARN_UNGUARDED_AVAILABILITY = YES_AGGRESSIVE;
				CLANG_WARN_UNREACHABLE_CODE = YES;
				CLANG_WARN__DUPLICATE_METHOD_MATCH = YES;
				COPY_PHASE_STRIP = NO;
				DEBUG_INFORMATION_FORMAT = dwarf;
				DEVELOPMENT_TEAM = 6UDF9VNHC6;
				ENABLE_STRICT_OBJC_MSGSEND = YES;
				ENABLE_TESTABILITY = YES;
				ENABLE_USER_SCRIPT_SANDBOXING = YES;
				GCC_C_LANGUAGE_STANDARD = gnu17;
				GCC_DYNAMIC_NO_PIC = NO;
				GCC_NO_COMMON_BLOCKS = YES;
				GCC_OPTIMIZATION_LEVEL = 0;
				GCC_PREPROCESSOR_DEFINITIONS = (
					"DEBUG=1",
					"$(inherited)",
				);
				GCC_WARN_64_TO_32_BIT_CONVERSION = YES;
				GCC_WARN_ABOUT_RETURN_TYPE = YES_ERROR;
				GCC_WARN_UNDECLARED_SELECTOR = YES;
				GCC_WARN_UNINITIALIZED_AUTOS = YES_AGGRESSIVE;
				GCC_WARN_UNUSED_FUNCTION = YES;
				GCC_WARN_UNUSED_VARIABLE = YES;
				IPHONEOS_DEPLOYMENT_TARGET = 18.5;
				LOCALIZATION_PREFERS_STRING_CATALOGS = YES;
				MTL_ENABLE_DEBUG_INFO = INCLUDE_SOURCE;
				MTL_FAST_MATH = YES;
				ONLY_ACTIVE_ARCH = YES;
				SDKROOT = iphoneos;
				SWIFT_ACTIVE_COMPILATION_CONDITIONS = "DEBUG $(inherited)";
				SWIFT_OPTIMIZATION_LEVEL = "-Onone";
			};
			name = Debug;
		};
		999F3E4C2F04E5D4002119DE /* Release */ = {
			isa = XCBuildConfiguration;
			buildSettings = {
				ALWAYS_SEARCH_USER_PATHS = NO;
				ASSETCATALOG_COMPILER_GENERATE_SWIFT_ASSET_SYMBOL_EXTENSIONS = YES;
				CLANG_ANALYZER_NONNULL = YES;
				CLANG_ANALYZER_NUMBER_OBJECT_CONVERSION = YES_AGGRESSIVE;
				CLANG_CXX_LANGUAGE_STANDARD = "gnu++20";
				CLANG_ENABLE_MODULES = YES;
				CLANG_ENABLE_OBJC_ARC = YES;
				CLANG_ENABLE_OBJC_WEAK = YES;
				CLANG_WARN_BLOCK_CAPTURE_AUTORELEASING = YES;
				CLANG_WARN_BOOL_CONVERSION = YES;
				CLANG_WARN_COMMA = YES;
				CLANG_WARN_CONSTANT_CONVERSION = YES;
				CLANG_WARN_DEPRECATED_OBJC_IMPLEMENTATIONS = YES;
				CLANG_WARN_DIRECT_OBJC_ISA_USAGE = YES_ERROR;
				CLANG_WARN_DOCUMENTATION_COMMENTS = YES;
				CLANG_WARN_EMPTY_BODY = YES;
				CLANG_WARN_ENUM_CONVERSION = YES;
				CLANG_WARN_INFINITE_RECURSION = YES;
				CLANG_WARN_INT_CONVERSION = YES;
				CLANG_WARN_NON_LITERAL_NULL_CONVERSION = YES;
				CLANG_WARN_OBJC_IMPLICIT_RETAIN_SELF = YES;
				CLANG_WARN_OBJC_LITERAL_CONVERSION = YES;
				CLANG_WARN_OBJC_ROOT_CLASS = YES_ERROR;
				CLANG_WARN_QUOTED_INCLUDE_IN_FRAMEWORK_HEADER = YES;
				CLANG_WARN_RANGE_LOOP_ANALYSIS = YES;
				CLANG_WARN_STRICT_PROTOTYPES = YES;
				CLANG_WARN_SUSPICIOUS_MOVE = YES;
				CLANG_WARN_UNGUARDED_AVAILABILITY = YES_AGGRESSIVE;
				CLANG_WARN_UNREACHABLE_CODE = YES;
				CLANG_WARN__DUPLICATE_METHOD_MATCH = YES;
				COPY_PHASE_STRIP = NO;
				DEBUG_INFORMATION_FORMAT = "dwarf-with-dsym";
				DEVELOPMENT_TEAM = 6UDF9VNHC6;
				ENABLE_NS_ASSERTIONS = NO;
				ENABLE_STRICT_OBJC_MSGSEND = YES;
				ENABLE_USER_SCRIPT_SANDBOXING = YES;
				GCC_C_LANGUAGE_STANDARD = gnu17;
				GCC_NO_COMMON_BLOCKS = YES;
				GCC_WARN_64_TO_32_BIT_CONVERSION = YES;
				GCC_WARN_ABOUT_RETURN_TYPE = YES_ERROR;
				GCC_WARN_UNDECLARED_SELECTOR = YES;
				GCC_WARN_UNINITIALIZED_AUTOS = YES_AGGRESSIVE;
				GCC_WARN_UNUSED_FUNCTION = YES;
				GCC_WARN_UNUSED_VARIABLE = YES;
				IPHONEOS_DEPLOYMENT_TARGET = 18.5;
				LOCALIZATION_PREFERS_STRING_CATALOGS = YES;
				MTL_ENABLE_DEBUG_INFO = NO;
				MTL_FAST_MATH = YES;
				SDKROOT = iphoneos;
				SWIFT_COMPILATION_MODE = wholemodule;
				VALIDATE_PRODUCT = YES;
			};
			name = Release;
		};
		999F3E4E2F04E5D4002119DE /* Debug */ = {
			isa = XCBuildConfiguration;
			buildSettings = {
				BUNDLE_LOADER = "$(TEST_HOST)";
				CODE_SIGN_STYLE = Automatic;
				CURRENT_PROJECT_VERSION = 1;
				DEVELOPMENT_TEAM = 6UDF9VNHC6;
				GENERATE_INFOPLIST_FILE = YES;
				IPHONEOS_DEPLOYMENT_TARGET = 18.5;
				MARKETING_VERSION = 1.0;
				PRODUCT_BUNDLE_IDENTIFIER = "com.sji.WithUs-iOSTests";
				PRODUCT_NAME = "$(TARGET_NAME)";
				SWIFT_EMIT_LOC_STRINGS = NO;
				SWIFT_VERSION = 5.0;
				TARGETED_DEVICE_FAMILY = "1,2";
				TEST_HOST = "$(BUILT_PRODUCTS_DIR)/WithUs-iOS.app/$(BUNDLE_EXECUTABLE_FOLDER_PATH)/WithUs-iOS";
			};
			name = Debug;
		};
		999F3E4F2F04E5D4002119DE /* Release */ = {
			isa = XCBuildConfiguration;
			buildSettings = {
				BUNDLE_LOADER = "$(TEST_HOST)";
				CODE_SIGN_STYLE = Automatic;
				CURRENT_PROJECT_VERSION = 1;
				DEVELOPMENT_TEAM = 6UDF9VNHC6;
				GENERATE_INFOPLIST_FILE = YES;
				IPHONEOS_DEPLOYMENT_TARGET = 18.5;
				MARKETING_VERSION = 1.0;
				PRODUCT_BUNDLE_IDENTIFIER = "com.sji.WithUs-iOSTests";
				PRODUCT_NAME = "$(TARGET_NAME)";
				SWIFT_EMIT_LOC_STRINGS = NO;
				SWIFT_VERSION = 5.0;
				TARGETED_DEVICE_FAMILY = "1,2";
				TEST_HOST = "$(BUILT_PRODUCTS_DIR)/WithUs-iOS.app/$(BUNDLE_EXECUTABLE_FOLDER_PATH)/WithUs-iOS";
			};
			name = Release;
		};
		999F3E512F04E5D4002119DE /* Debug */ = {
			isa = XCBuildConfiguration;
			buildSettings = {
				CODE_SIGN_STYLE = Automatic;
				CURRENT_PROJECT_VERSION = 1;
				DEVELOPMENT_TEAM = 6UDF9VNHC6;
				GENERATE_INFOPLIST_FILE = YES;
				MARKETING_VERSION = 1.0;
				PRODUCT_BUNDLE_IDENTIFIER = "com.sji.WithUs-iOSUITests";
				PRODUCT_NAME = "$(TARGET_NAME)";
				SWIFT_EMIT_LOC_STRINGS = NO;
				SWIFT_VERSION = 5.0;
				TARGETED_DEVICE_FAMILY = "1,2";
				TEST_TARGET_NAME = "WithUs-iOS";
			};
			name = Debug;
		};
		999F3E522F04E5D4002119DE /* Release */ = {
			isa = XCBuildConfiguration;
			buildSettings = {
				CODE_SIGN_STYLE = Automatic;
				CURRENT_PROJECT_VERSION = 1;
				DEVELOPMENT_TEAM = 6UDF9VNHC6;
				GENERATE_INFOPLIST_FILE = YES;
				MARKETING_VERSION = 1.0;
				PRODUCT_BUNDLE_IDENTIFIER = "com.sji.WithUs-iOSUITests";
				PRODUCT_NAME = "$(TARGET_NAME)";
				SWIFT_EMIT_LOC_STRINGS = NO;
				SWIFT_VERSION = 5.0;
				TARGETED_DEVICE_FAMILY = "1,2";
				TEST_TARGET_NAME = "WithUs-iOS";
			};
			name = Release;
		};
/* End XCBuildConfiguration section */

/* Begin XCConfigurationList section */
		999F3E1A2F04E5D1002119DE /* Build configuration list for PBXProject "WithUs-iOS" */ = {
			isa = XCConfigurationList;
			buildConfigurations = (
				999F3E4B2F04E5D4002119DE /* Debug */,
				999F3E4C2F04E5D4002119DE /* Release */,
			);
			defaultConfigurationIsVisible = 0;
			defaultConfigurationName = Release;
		};
		999F3E482F04E5D4002119DE /* Build configuration list for PBXNativeTarget "WithUs-iOS" */ = {
			isa = XCConfigurationList;
			buildConfigurations = (
				999F3E492F04E5D4002119DE /* Debug */,
				999F3E4A2F04E5D4002119DE /* Release */,
			);
			defaultConfigurationIsVisible = 0;
			defaultConfigurationName = Release;
		};
		999F3E4D2F04E5D4002119DE /* Build configuration list for PBXNativeTarget "WithUs-iOSTests" */ = {
			isa = XCConfigurationList;
			buildConfigurations = (
				999F3E4E2F04E5D4002119DE /* Debug */,
				999F3E4F2F04E5D4002119DE /* Release */,
			);
			defaultConfigurationIsVisible = 0;
			defaultConfigurationName = Release;
		};
		999F3E502F04E5D4002119DE /* Build configuration list for PBXNativeTarget "WithUs-iOSUITests" */ = {
			isa = XCConfigurationList;
			buildConfigurations = (
				999F3E512F04E5D4002119DE /* Debug */,
				999F3E522F04E5D4002119DE /* Release */,
			);
			defaultConfigurationIsVisible = 0;
			defaultConfigurationName = Release;
		};
/* End XCConfigurationList section */

/* Begin XCRemoteSwiftPackageReference section */
		937F788E2F220506003AF107 /* XCRemoteSwiftPackageReference "Kingfisher" */ = {
			isa = XCRemoteSwiftPackageReference;
			repositoryURL = "https://github.com/onevcat/Kingfisher.git";
			requirement = {
				kind = upToNextMajorVersion;
				minimumVersion = 8.6.2;
			};
		};
		93B4F7182F1F989F006706EC /* XCRemoteSwiftPackageReference "firebase-ios-sdk" */ = {
			isa = XCRemoteSwiftPackageReference;
			repositoryURL = "https://github.com/firebase/firebase-ios-sdk.git";
			requirement = {
				kind = upToNextMajorVersion;
				minimumVersion = 12.8.0;
			};
		};
		9913AC7D2F166F3800B74E63 /* XCRemoteSwiftPackageReference "Alamofire" */ = {
			isa = XCRemoteSwiftPackageReference;
			repositoryURL = "https://github.com/Alamofire/Alamofire.git";
			requirement = {
				kind = upToNextMajorVersion;
				minimumVersion = 5.11.0;
			};
		};
		9913AC802F166F4F00B74E63 /* XCRemoteSwiftPackageReference "ReactorKit" */ = {
			isa = XCRemoteSwiftPackageReference;
			repositoryURL = "https://github.com/ReactorKit/ReactorKit.git";
			requirement = {
				kind = upToNextMajorVersion;
				minimumVersion = 3.2.0;
			};
		};
		9913AC932F1677E600B74E63 /* XCRemoteSwiftPackageReference "kakao-ios-sdk" */ = {
			isa = XCRemoteSwiftPackageReference;
			repositoryURL = "https://github.com/kakao/kakao-ios-sdk";
			requirement = {
				kind = upToNextMajorVersion;
				minimumVersion = 2.27.1;
			};
		};
		9913ACAD2F168BCF00B74E63 /* XCRemoteSwiftPackageReference "RxSwift" */ = {
			isa = XCRemoteSwiftPackageReference;
			repositoryURL = "https://github.com/ReactiveX/RxSwift.git";
			requirement = {
				kind = upToNextMajorVersion;
				minimumVersion = 6.9.1;
			};
		};
		991607062F0BF1790056EC8D /* XCRemoteSwiftPackageReference "SnapKit" */ = {
			isa = XCRemoteSwiftPackageReference;
			repositoryURL = "https://github.com/SnapKit/SnapKit.git";
			requirement = {
				kind = upToNextMajorVersion;
				minimumVersion = 5.7.1;
			};
		};
		991607092F0BF1840056EC8D /* XCRemoteSwiftPackageReference "Then" */ = {
			isa = XCRemoteSwiftPackageReference;
			repositoryURL = "https://github.com/devxoul/Then";
			requirement = {
				kind = upToNextMajorVersion;
				minimumVersion = 3.0.0;
			};
		};
		996040912F2912130057D47F /* XCRemoteSwiftPackageReference "FSCalendar" */ = {
			isa = XCRemoteSwiftPackageReference;
			repositoryURL = "https://github.com/WenchaoD/FSCalendar.git";
			requirement = {
				kind = upToNextMajorVersion;
				minimumVersion = 2.8.4;
			};
		};
/* End XCRemoteSwiftPackageReference section */

/* Begin XCSwiftPackageProductDependency section */
		937F788F2F220506003AF107 /* Kingfisher */ = {
			isa = XCSwiftPackageProductDependency;
			package = 937F788E2F220506003AF107 /* XCRemoteSwiftPackageReference "Kingfisher" */;
			productName = Kingfisher;
		};
		93B4F7192F1F989F006706EC /* FirebaseAnalytics */ = {
			isa = XCSwiftPackageProductDependency;
			package = 93B4F7182F1F989F006706EC /* XCRemoteSwiftPackageReference "firebase-ios-sdk" */;
			productName = FirebaseAnalytics;
		};
		93B4F71B2F1F989F006706EC /* FirebaseMessaging */ = {
			isa = XCSwiftPackageProductDependency;
			package = 93B4F7182F1F989F006706EC /* XCRemoteSwiftPackageReference "firebase-ios-sdk" */;
			productName = FirebaseMessaging;
		};
		9913AC7E2F166F3800B74E63 /* Alamofire */ = {
			isa = XCSwiftPackageProductDependency;
			package = 9913AC7D2F166F3800B74E63 /* XCRemoteSwiftPackageReference "Alamofire" */;
			productName = Alamofire;
		};
		9913AC812F166F4F00B74E63 /* ReactorKit */ = {
			isa = XCSwiftPackageProductDependency;
			package = 9913AC802F166F4F00B74E63 /* XCRemoteSwiftPackageReference "ReactorKit" */;
			productName = ReactorKit;
		};
		9913AC942F1677E600B74E63 /* KakaoSDKAuth */ = {
			isa = XCSwiftPackageProductDependency;
			package = 9913AC932F1677E600B74E63 /* XCRemoteSwiftPackageReference "kakao-ios-sdk" */;
			productName = KakaoSDKAuth;
		};
		9913AC962F1677E600B74E63 /* KakaoSDKCommon */ = {
			isa = XCSwiftPackageProductDependency;
			package = 9913AC932F1677E600B74E63 /* XCRemoteSwiftPackageReference "kakao-ios-sdk" */;
			productName = KakaoSDKCommon;
		};
		9913AC982F1677E600B74E63 /* KakaoSDKUser */ = {
			isa = XCSwiftPackageProductDependency;
			package = 9913AC932F1677E600B74E63 /* XCRemoteSwiftPackageReference "kakao-ios-sdk" */;
			productName = KakaoSDKUser;
		};
		9913ACAE2F168BCF00B74E63 /* RxCocoa */ = {
			isa = XCSwiftPackageProductDependency;
			package = 9913ACAD2F168BCF00B74E63 /* XCRemoteSwiftPackageReference "RxSwift" */;
			productName = RxCocoa;
		};
		9913ACB02F168BCF00B74E63 /* RxRelay */ = {
			isa = XCSwiftPackageProductDependency;
			package = 9913ACAD2F168BCF00B74E63 /* XCRemoteSwiftPackageReference "RxSwift" */;
			productName = RxRelay;
		};
		9913ACB22F168BCF00B74E63 /* RxSwift */ = {
			isa = XCSwiftPackageProductDependency;
			package = 9913ACAD2F168BCF00B74E63 /* XCRemoteSwiftPackageReference "RxSwift" */;
			productName = RxSwift;
		};
		991607072F0BF1790056EC8D /* SnapKit */ = {
			isa = XCSwiftPackageProductDependency;
			package = 991607062F0BF1790056EC8D /* XCRemoteSwiftPackageReference "SnapKit" */;
			productName = SnapKit;
		};
		9916070A2F0BF1840056EC8D /* Then */ = {
			isa = XCSwiftPackageProductDependency;
			package = 991607092F0BF1840056EC8D /* XCRemoteSwiftPackageReference "Then" */;
			productName = Then;
		};
		996040922F2912130057D47F /* FSCalendar */ = {
			isa = XCSwiftPackageProductDependency;
			package = 996040912F2912130057D47F /* XCRemoteSwiftPackageReference "FSCalendar" */;
			productName = FSCalendar;
		};
/* End XCSwiftPackageProductDependency section */
	};
	rootObject = 999F3E172F04E5D1002119DE /* Project object */;
}
